
Microsoft Visual Studio Solution File, Format Version 12.00
# Visual Studio Version 17
VisualStudioVersion = 17.12.35707.178
MinimumVisualStudioVersion = 10.0.40219.1
Project("{FAE04EC0-301F-11D3-BF4B-00C04F79EFBC}") = "Introduction lesson 1", "Introduction lesson 1\Introduction lesson 1.csproj", "{4D4EEE23-60C3-4CFD-94C4-D58206C36BBA}"
EndProject
Project("{FAE04EC0-301F-11D3-BF4B-00C04F79EFBC}") = "5.1. Methods", "5.1. Methods\5.1. Methods.csproj", "{1E0B962F-83E6-4C1E-BF05-7016B8E73847}"
EndProject
Project("{FAE04EC0-301F-11D3-BF4B-00C04F79EFBC}") = "Methods.5.1.Task 5.1.6", "Methods.5.1.Task 5.1.6\Methods.5.1.Task 5.1.6.csproj", "{1A499EA2-C9AA-46EA-9622-0C180FE2DB14}"
EndProject
Project("{FAE04EC0-301F-11D3-BF4B-00C04F79EFBC}") = "5.2. Method Parameters", "5.2. Method Parameters\5.2. Method Parameters.csproj", "{2A32A97E-0276-4AD1-AB37-0495EAB6D30C}"
EndProject
Project("{FAE04EC0-301F-11D3-BF4B-00C04F79EFBC}") = "5.2. Method ParametersTask 5.2.8", "Task 5.2.8\5.2. Method ParametersTask 5.2.8.csproj", "{9B37BE4E-79B3-48E1-B619-05A8BB6442E3}"
EndProject
Project("{FAE04EC0-301F-11D3-BF4B-00C04F79EFBC}") = "5.3. Transmitting parameters", "5.3. Transmitting parameters\5.3. Transmitting parameters.csproj", "{3B107393-DD49-4A68-A6A1-498C39104772}"
EndProject
Project("{FAE04EC0-301F-11D3-BF4B-00C04F79EFBC}") = "5.3. Transmitting parameters Task5.3.8", "5.3. Transmitting parameters Task5.3.8\5.3. Transmitting parameters Task5.3.8.csproj", "{9A964863-D251-43A2-8D08-9C39121975D8}"
EndProject
Project("{FAE04EC0-301F-11D3-BF4B-00C04F79EFBC}") = "5.3. Transmitting parameters Task5.3.13", "5.3. Transmitting parameters Task5.3.13\5.3. Transmitting parameters Task5.3.13.csproj", "{85639307-1C0D-40F0-9E51-0F3754BA6EC5}"
EndProject
Project("{FAE04EC0-301F-11D3-BF4B-00C04F79EFBC}") = "5.5. Recursive functions", "5.5. Recursive functions\5.5. Recursive functions.csproj", "{595827C4-928A-4475-9F4C-E1D2DB031C70}"
EndProject
Global
	GlobalSection(SolutionConfigurationPlatforms) = preSolution
		Debug|Any CPU = Debug|Any CPU
		Release|Any CPU = Release|Any CPU
	EndGlobalSection
	GlobalSection(ProjectConfigurationPlatforms) = postSolution
		{4D4EEE23-60C3-4CFD-94C4-D58206C36BBA}.Debug|Any CPU.ActiveCfg = Debug|Any CPU
		{4D4EEE23-60C3-4CFD-94C4-D58206C36BBA}.Debug|Any CPU.Build.0 = Debug|Any CPU
		{4D4EEE23-60C3-4CFD-94C4-D58206C36BBA}.Release|Any CPU.ActiveCfg = Release|Any CPU
		{4D4EEE23-60C3-4CFD-94C4-D58206C36BBA}.Release|Any CPU.Build.0 = Release|Any CPU
		{1E0B962F-83E6-4C1E-BF05-7016B8E73847}.Debug|Any CPU.ActiveCfg = Debug|Any CPU
		{1E0B962F-83E6-4C1E-BF05-7016B8E73847}.Debug|Any CPU.Build.0 = Debug|Any CPU
		{1E0B962F-83E6-4C1E-BF05-7016B8E73847}.Release|Any CPU.ActiveCfg = Release|Any CPU
		{1E0B962F-83E6-4C1E-BF05-7016B8E73847}.Release|Any CPU.Build.0 = Release|Any CPU
		{1A499EA2-C9AA-46EA-9622-0C180FE2DB14}.Debug|Any CPU.ActiveCfg = Debug|Any CPU
		{1A499EA2-C9AA-46EA-9622-0C180FE2DB14}.Debug|Any CPU.Build.0 = Debug|Any CPU
		{1A499EA2-C9AA-46EA-9622-0C180FE2DB14}.Release|Any CPU.ActiveCfg = Release|Any CPU
		{1A499EA2-C9AA-46EA-9622-0C180FE2DB14}.Release|Any CPU.Build.0 = Release|Any CPU
		{2A32A97E-0276-4AD1-AB37-0495EAB6D30C}.Debug|Any CPU.ActiveCfg = Debug|Any CPU
		{2A32A97E-0276-4AD1-AB37-0495EAB6D30C}.Debug|Any CPU.Build.0 = Debug|Any CPU
		{2A32A97E-0276-4AD1-AB37-0495EAB6D30C}.Release|Any CPU.ActiveCfg = Release|Any CPU
		{2A32A97E-0276-4AD1-AB37-0495EAB6D30C}.Release|Any CPU.Build.0 = Release|Any CPU
		{9B37BE4E-79B3-48E1-B619-05A8BB6442E3}.Debug|Any CPU.ActiveCfg = Debug|Any CPU
		{9B37BE4E-79B3-48E1-B619-05A8BB6442E3}.Debug|Any CPU.Build.0 = Debug|Any CPU
		{9B37BE4E-79B3-48E1-B619-05A8BB6442E3}.Release|Any CPU.ActiveCfg = Release|Any CPU
		{9B37BE4E-79B3-48E1-B619-05A8BB6442E3}.Release|Any CPU.Build.0 = Release|Any CPU
		{3B107393-DD49-4A68-A6A1-498C39104772}.Debug|Any CPU.ActiveCfg = Debug|Any CPU
		{3B107393-DD49-4A68-A6A1-498C39104772}.Debug|Any CPU.Build.0 = Debug|Any CPU
		{3B107393-DD49-4A68-A6A1-498C39104772}.Release|Any CPU.ActiveCfg = Release|Any CPU
		{3B107393-DD49-4A68-A6A1-498C39104772}.Release|Any CPU.Build.0 = Release|Any CPU
		{9A964863-D251-43A2-8D08-9C39121975D8}.Debug|Any CPU.ActiveCfg = Debug|Any CPU
		{9A964863-D251-43A2-8D08-9C39121975D8}.Debug|Any CPU.Build.0 = Debug|Any CPU
		{9A964863-D251-43A2-8D08-9C39121975D8}.Release|Any CPU.ActiveCfg = Release|Any CPU
		{9A964863-D251-43A2-8D08-9C39121975D8}.Release|Any CPU.Build.0 = Release|Any CPU
		{85639307-1C0D-40F0-9E51-0F3754BA6EC5}.Debug|Any CPU.ActiveCfg = Debug|Any CPU
		{85639307-1C0D-40F0-9E51-0F3754BA6EC5}.Debug|Any CPU.Build.0 = Debug|Any CPU
		{85639307-1C0D-40F0-9E51-0F3754BA6EC5}.Release|Any CPU.ActiveCfg = Release|Any CPU
		{85639307-1C0D-40F0-9E51-0F3754BA6EC5}.Release|Any CPU.Build.0 = Release|Any CPU
		{595827C4-928A-4475-9F4C-E1D2DB031C70}.Debug|Any CPU.ActiveCfg = Debug|Any CPU
		{595827C4-928A-4475-9F4C-E1D2DB031C70}.Debug|Any CPU.Build.0 = Debug|Any CPU
		{595827C4-928A-4475-9F4C-E1D2DB031C70}.Release|Any CPU.ActiveCfg = Release|Any CPU
		{595827C4-928A-4475-9F4C-E1D2DB031C70}.Release|Any CPU.Build.0 = Release|Any CPU
	EndGlobalSection
	GlobalSection(SolutionProperties) = preSolution
		HideSolutionNode = FALSE
	EndGlobalSection
EndGlobal
