
Microsoft Visual Studio Solution File, Format Version 12.00
# Visual Studio Version 17
VisualStudioVersion = 17.13.35806.99
MinimumVisualStudioVersion = 10.0.40219.1
Project("{FAE04EC0-301F-11D3-BF4B-00C04F79EFBC}") = "Task.8.1.4.class.about.local.disk", "Task.8.1.4.class.about.local.disk\Task.8.1.4.class.about.local.disk.csproj", "{1D2A3F11-C09F-49D2-BAF6-C1626CA4FB3B}"
EndProject
Project("{FAE04EC0-301F-11D3-BF4B-00C04F79EFBC}") = "Directory-Manager", "Directory-Manager\Directory-Manager.csproj", "{E0640901-A00A-4F05-8128-6EB71074D27F}"
EndProject
Project("{FAE04EC0-301F-11D3-BF4B-00C04F79EFBC}") = "ClassFile", "ClassFile\ClassFile.csproj", "{9A26F1A5-A56B-4CB1-BEBB-F4641854CDAA}"
EndProject
Project("{FAE04EC0-301F-11D3-BF4B-00C04F79EFBC}") = "ClassFileInfo", "ClassFileInfo\ClassFileInfo.csproj", "{DE1726C4-E1FC-4C14-872D-3B1337D390C4}"
EndProject
Project("{FAE04EC0-301F-11D3-BF4B-00C04F79EFBC}") = "Task-8-3-1-output-program-cs", "Task-8-3-1-output-program-cs\Task-8-3-1-output-program-cs.csproj", "{C5413B1E-292E-4046-9D33-342A3E8482C5}"
EndProject
Project("{FAE04EC0-301F-11D3-BF4B-00C04F79EFBC}") = "Task-8-3-2-output-program-cs-add-data-time", "Task-8-3-2-output-program-cs-add-data-time\Task-8-3-2-output-program-cs-add-data-time.csproj", "{A1EE39B2-0A8A-4F17-9D92-F627D81087EA}"
EndProject
Project("{FAE04EC0-301F-11D3-BF4B-00C04F79EFBC}") = "Drive-Manager", "Drive-Manager\Drive-Manager.csproj", "{ACC5610F-720B-4718-A3EF-7197581805A3}"
EndProject
Project("{FAE04EC0-301F-11D3-BF4B-00C04F79EFBC}") = "BinaryExperiment", "BinaryExperiment\BinaryExperiment.csproj", "{B6B00101-985D-429B-B3A0-13DDE312EC34}"
EndProject
Project("{FAE04EC0-301F-11D3-BF4B-00C04F79EFBC}") = "Task-8-4-1-Binare_file", "Task-8-4-1-Binare_file\Task-8-4-1-Binare_file.csproj", "{9947AF86-7D73-457E-86AC-02EBA955946A}"
EndProject
Project("{FAE04EC0-301F-11D3-BF4B-00C04F79EFBC}") = "Task.8.4.2-add-text-in-binary-file", "Task.8.4.2-add-text-in-binary-file\Task.8.4.2-add-text-in-binary-file.csproj", "{1E05D00D-EF96-475E-8A9E-53E5970F8A24}"
EndProject
Project("{FAE04EC0-301F-11D3-BF4B-00C04F79EFBC}") = "Task.8.4.3_serializable", "Task.8.4.3_serializable\Task.8.4.3_serializable.csproj", "{F3BB5E18-C075-4A7C-98C6-A8FE03BA5361}"
EndProject
Global
	GlobalSection(SolutionConfigurationPlatforms) = preSolution
		Debug|Any CPU = Debug|Any CPU
		Release|Any CPU = Release|Any CPU
	EndGlobalSection
	GlobalSection(ProjectConfigurationPlatforms) = postSolution
		{1D2A3F11-C09F-49D2-BAF6-C1626CA4FB3B}.Debug|Any CPU.ActiveCfg = Debug|Any CPU
		{1D2A3F11-C09F-49D2-BAF6-C1626CA4FB3B}.Debug|Any CPU.Build.0 = Debug|Any CPU
		{1D2A3F11-C09F-49D2-BAF6-C1626CA4FB3B}.Release|Any CPU.ActiveCfg = Release|Any CPU
		{1D2A3F11-C09F-49D2-BAF6-C1626CA4FB3B}.Release|Any CPU.Build.0 = Release|Any CPU
		{E0640901-A00A-4F05-8128-6EB71074D27F}.Debug|Any CPU.ActiveCfg = Debug|Any CPU
		{E0640901-A00A-4F05-8128-6EB71074D27F}.Debug|Any CPU.Build.0 = Debug|Any CPU
		{E0640901-A00A-4F05-8128-6EB71074D27F}.Release|Any CPU.ActiveCfg = Release|Any CPU
		{E0640901-A00A-4F05-8128-6EB71074D27F}.Release|Any CPU.Build.0 = Release|Any CPU
		{9A26F1A5-A56B-4CB1-BEBB-F4641854CDAA}.Debug|Any CPU.ActiveCfg = Debug|Any CPU
		{9A26F1A5-A56B-4CB1-BEBB-F4641854CDAA}.Debug|Any CPU.Build.0 = Debug|Any CPU
		{9A26F1A5-A56B-4CB1-BEBB-F4641854CDAA}.Release|Any CPU.ActiveCfg = Release|Any CPU
		{9A26F1A5-A56B-4CB1-BEBB-F4641854CDAA}.Release|Any CPU.Build.0 = Release|Any CPU
		{DE1726C4-E1FC-4C14-872D-3B1337D390C4}.Debug|Any CPU.ActiveCfg = Debug|Any CPU
		{DE1726C4-E1FC-4C14-872D-3B1337D390C4}.Debug|Any CPU.Build.0 = Debug|Any CPU
		{DE1726C4-E1FC-4C14-872D-3B1337D390C4}.Release|Any CPU.ActiveCfg = Release|Any CPU
		{DE1726C4-E1FC-4C14-872D-3B1337D390C4}.Release|Any CPU.Build.0 = Release|Any CPU
		{C5413B1E-292E-4046-9D33-342A3E8482C5}.Debug|Any CPU.ActiveCfg = Debug|Any CPU
		{C5413B1E-292E-4046-9D33-342A3E8482C5}.Debug|Any CPU.Build.0 = Debug|Any CPU
		{C5413B1E-292E-4046-9D33-342A3E8482C5}.Release|Any CPU.ActiveCfg = Release|Any CPU
		{C5413B1E-292E-4046-9D33-342A3E8482C5}.Release|Any CPU.Build.0 = Release|Any CPU
		{A1EE39B2-0A8A-4F17-9D92-F627D81087EA}.Debug|Any CPU.ActiveCfg = Debug|Any CPU
		{A1EE39B2-0A8A-4F17-9D92-F627D81087EA}.Debug|Any CPU.Build.0 = Debug|Any CPU
		{A1EE39B2-0A8A-4F17-9D92-F627D81087EA}.Release|Any CPU.ActiveCfg = Release|Any CPU
		{A1EE39B2-0A8A-4F17-9D92-F627D81087EA}.Release|Any CPU.Build.0 = Release|Any CPU
		{ACC5610F-720B-4718-A3EF-7197581805A3}.Debug|Any CPU.ActiveCfg = Debug|Any CPU
		{ACC5610F-720B-4718-A3EF-7197581805A3}.Debug|Any CPU.Build.0 = Debug|Any CPU
		{ACC5610F-720B-4718-A3EF-7197581805A3}.Release|Any CPU.ActiveCfg = Release|Any CPU
		{ACC5610F-720B-4718-A3EF-7197581805A3}.Release|Any CPU.Build.0 = Release|Any CPU
		{B6B00101-985D-429B-B3A0-13DDE312EC34}.Debug|Any CPU.ActiveCfg = Debug|Any CPU
		{B6B00101-985D-429B-B3A0-13DDE312EC34}.Debug|Any CPU.Build.0 = Debug|Any CPU
		{B6B00101-985D-429B-B3A0-13DDE312EC34}.Release|Any CPU.ActiveCfg = Release|Any CPU
		{B6B00101-985D-429B-B3A0-13DDE312EC34}.Release|Any CPU.Build.0 = Release|Any CPU
		{9947AF86-7D73-457E-86AC-02EBA955946A}.Debug|Any CPU.ActiveCfg = Debug|Any CPU
		{9947AF86-7D73-457E-86AC-02EBA955946A}.Debug|Any CPU.Build.0 = Debug|Any CPU
		{9947AF86-7D73-457E-86AC-02EBA955946A}.Release|Any CPU.ActiveCfg = Release|Any CPU
		{9947AF86-7D73-457E-86AC-02EBA955946A}.Release|Any CPU.Build.0 = Release|Any CPU
		{1E05D00D-EF96-475E-8A9E-53E5970F8A24}.Debug|Any CPU.ActiveCfg = Debug|Any CPU
		{1E05D00D-EF96-475E-8A9E-53E5970F8A24}.Debug|Any CPU.Build.0 = Debug|Any CPU
		{1E05D00D-EF96-475E-8A9E-53E5970F8A24}.Release|Any CPU.ActiveCfg = Release|Any CPU
		{1E05D00D-EF96-475E-8A9E-53E5970F8A24}.Release|Any CPU.Build.0 = Release|Any CPU
		{F3BB5E18-C075-4A7C-98C6-A8FE03BA5361}.Debug|Any CPU.ActiveCfg = Debug|Any CPU
		{F3BB5E18-C075-4A7C-98C6-A8FE03BA5361}.Debug|Any CPU.Build.0 = Debug|Any CPU
		{F3BB5E18-C075-4A7C-98C6-A8FE03BA5361}.Release|Any CPU.ActiveCfg = Release|Any CPU
		{F3BB5E18-C075-4A7C-98C6-A8FE03BA5361}.Release|Any CPU.Build.0 = Release|Any CPU
	EndGlobalSection
	GlobalSection(SolutionProperties) = preSolution
		HideSolutionNode = FALSE
	EndGlobalSection
	GlobalSection(ExtensibilityGlobals) = postSolution
		SolutionGuid = {E0B904FB-329C-4FB7-B596-6B498E145EA9}
	EndGlobalSection
EndGlobal
